
Microsoft Visual Studio Solution File, Format Version 12.00
# Visual Studio Version 17
VisualStudioVersion = 17.3.32825.248
MinimumVisualStudioVersion = 10.0.40219.1
Project("{9A19103F-16F7-4668-BE54-9A1E7A4F7556}") = "API", "API\API.csproj", "{B09BA818-EB8C-4E09-A6EE-FF29E96CF4D3}"
EndProject
Project("{54A90642-561A-4BB1-A94E-469ADEE60C69}") = "frontendreact", "FrontEndReact\frontendreact.esproj", "{03A16242-FAF1-4EDF-86A2-EDC87BCF5C44}"
EndProject
Global
	GlobalSection(SolutionConfigurationPlatforms) = preSolution
		Debug|Any CPU = Debug|Any CPU
		Release|Any CPU = Release|Any CPU
	EndGlobalSection
	GlobalSection(ProjectConfigurationPlatforms) = postSolution
		{B09BA818-EB8C-4E09-A6EE-FF29E96CF4D3}.Debug|Any CPU.ActiveCfg = Debug|Any CPU
		{B09BA818-EB8C-4E09-A6EE-FF29E96CF4D3}.Debug|Any CPU.Build.0 = Debug|Any CPU
		{B09BA818-EB8C-4E09-A6EE-FF29E96CF4D3}.Release|Any CPU.ActiveCfg = Release|Any CPU
		{B09BA818-EB8C-4E09-A6EE-FF29E96CF4D3}.Release|Any CPU.Build.0 = Release|Any CPU
		{03A16242-FAF1-4EDF-86A2-EDC87BCF5C44}.Debug|Any CPU.ActiveCfg = Debug|Any CPU
		{03A16242-FAF1-4EDF-86A2-EDC87BCF5C44}.Debug|Any CPU.Build.0 = Debug|Any CPU
		{03A16242-FAF1-4EDF-86A2-EDC87BCF5C44}.Debug|Any CPU.Deploy.0 = Debug|Any CPU
		{03A16242-FAF1-4EDF-86A2-EDC87BCF5C44}.Release|Any CPU.ActiveCfg = Release|Any CPU
		{03A16242-FAF1-4EDF-86A2-EDC87BCF5C44}.Release|Any CPU.Build.0 = Release|Any CPU
		{03A16242-FAF1-4EDF-86A2-EDC87BCF5C44}.Release|Any CPU.Deploy.0 = Release|Any CPU
	EndGlobalSection
	GlobalSection(SolutionProperties) = preSolution
		HideSolutionNode = FALSE
	EndGlobalSection
	GlobalSection(ExtensibilityGlobals) = postSolution
		SolutionGuid = {6F158B05-0047-448E-BEDD-94A6BC5B8D62}
	EndGlobalSection
EndGlobal
